
Microsoft Visual Studio Solution File, Format Version 12.00
# Visual Studio 2017
Project("{FAE04EC0-301F-11D3-BF4B-00C04F79EFBC}") = "ThereIsSomethingIWantToTellYou", "ThereIsSomethingIWantToTellYou.csproj", "{23DF5DAD-39ED-D9A2-48EE-B187E607FD65}"
EndProject
Project("{FAE04EC0-301F-11D3-BF4B-00C04F79EFBC}") = "ThereIsSomethingIWantToTellYou.Editor", "ThereIsSomethingIWantToTellYou.Editor.csproj", "{8939CFC4-1209-7BD2-C037-6BC7ECEEF699}"
EndProject
Global
	GlobalSection(SolutionConfigurationPlatforms) = preSolution
		Debug|Any CPU = Debug|Any CPU
		Release|Any CPU = Release|Any CPU
	EndGlobalSection
	GlobalSection(ProjectConfigurationPlatforms) = postSolution
		{23DF5DAD-39ED-D9A2-48EE-B187E607FD65}.Debug|Any CPU.ActiveCfg = Debug|Any CPU
		{23DF5DAD-39ED-D9A2-48EE-B187E607FD65}.Debug|Any CPU.Build.0 = Debug|Any CPU
		{23DF5DAD-39ED-D9A2-48EE-B187E607FD65}.Release|Any CPU.ActiveCfg = Release|Any CPU
		{23DF5DAD-39ED-D9A2-48EE-B187E607FD65}.Release|Any CPU.Build.0 = Release|Any CPU
		{8939CFC4-1209-7BD2-C037-6BC7ECEEF699}.Debug|Any CPU.ActiveCfg = Debug|Any CPU
		{8939CFC4-1209-7BD2-C037-6BC7ECEEF699}.Debug|Any CPU.Build.0 = Debug|Any CPU
		{8939CFC4-1209-7BD2-C037-6BC7ECEEF699}.Release|Any CPU.ActiveCfg = Release|Any CPU
		{8939CFC4-1209-7BD2-C037-6BC7ECEEF699}.Release|Any CPU.Build.0 = Release|Any CPU
	EndGlobalSection
	GlobalSection(SolutionProperties) = preSolution
		HideSolutionNode = FALSE
	EndGlobalSection
EndGlobal
